
Microsoft Visual Studio Solution File, Format Version 12.00
# Visual Studio Version 17
VisualStudioVersion = 17.1.32210.238
MinimumVisualStudioVersion = 10.0.40219.1
Project("{FAE04EC0-301F-11D3-BF4B-00C04F79EFBC}") = "DayWorkshop", "DayWorkshop\DayWorkshop.csproj", "{CCAF4DF1-6286-4823-A0AE-3602D876CBFE}"
EndProject
Global
	GlobalSection(SolutionConfigurationPlatforms) = preSolution
		Debug|Any CPU = Debug|Any CPU
		Release|Any CPU = Release|Any CPU
	EndGlobalSection
	GlobalSection(ProjectConfigurationPlatforms) = postSolution
		{CCAF4DF1-6286-4823-A0AE-3602D876CBFE}.Debug|Any CPU.ActiveCfg = Debug|Any CPU
		{CCAF4DF1-6286-4823-A0AE-3602D876CBFE}.Debug|Any CPU.Build.0 = Debug|Any CPU
		{CCAF4DF1-6286-4823-A0AE-3602D876CBFE}.Release|Any CPU.ActiveCfg = Release|Any CPU
		{CCAF4DF1-6286-4823-A0AE-3602D876CBFE}.Release|Any CPU.Build.0 = Release|Any CPU
	EndGlobalSection
	GlobalSection(SolutionProperties) = preSolution
		HideSolutionNode = FALSE
	EndGlobalSection
	GlobalSection(ExtensibilityGlobals) = postSolution
		SolutionGuid = {FE0C50E4-F7F2-42F0-B1A0-0A31434F11BE}
	EndGlobalSection
EndGlobal
